
Microsoft Visual Studio Solution File, Format Version 12.00
# Visual Studio Version 16
VisualStudioVersion = 16.0.31613.86
MinimumVisualStudioVersion = 10.0.40219.1
Project("{FAE04EC0-301F-11D3-BF4B-00C04F79EFBC}") = "GestionarePacienti", "GestionarePacienti\GestionarePacienti.csproj", "{399CB709-78FD-489C-A988-691B9E77C99E}"
EndProject
Global
	GlobalSection(SolutionConfigurationPlatforms) = preSolution
		Debug|Any CPU = Debug|Any CPU
		Release|Any CPU = Release|Any CPU
	EndGlobalSection
	GlobalSection(ProjectConfigurationPlatforms) = postSolution
		{399CB709-78FD-489C-A988-691B9E77C99E}.Debug|Any CPU.ActiveCfg = Debug|Any CPU
		{399CB709-78FD-489C-A988-691B9E77C99E}.Debug|Any CPU.Build.0 = Debug|Any CPU
		{399CB709-78FD-489C-A988-691B9E77C99E}.Release|Any CPU.ActiveCfg = Release|Any CPU
		{399CB709-78FD-489C-A988-691B9E77C99E}.Release|Any CPU.Build.0 = Release|Any CPU
	EndGlobalSection
	GlobalSection(SolutionProperties) = preSolution
		HideSolutionNode = FALSE
	EndGlobalSection
	GlobalSection(ExtensibilityGlobals) = postSolution
		SolutionGuid = {570E3AE3-6982-4FEA-9431-8314833CEDDE}
	EndGlobalSection
EndGlobal
